
Microsoft Visual Studio Solution File, Format Version 12.00
# Visual Studio Version 17
VisualStudioVersion = 17.4.33103.184
MinimumVisualStudioVersion = 10.0.40219.1
Project("{FAE04EC0-301F-11D3-BF4B-00C04F79EFBC}") = "DapperHW12", "DapperHW12\DapperHW12.csproj", "{877726CA-7E87-443F-A296-5D9ECC356B38}"
EndProject
Global
	GlobalSection(SolutionConfigurationPlatforms) = preSolution
		Debug|Any CPU = Debug|Any CPU
		Release|Any CPU = Release|Any CPU
	EndGlobalSection
	GlobalSection(ProjectConfigurationPlatforms) = postSolution
		{877726CA-7E87-443F-A296-5D9ECC356B38}.Debug|Any CPU.ActiveCfg = Debug|Any CPU
		{877726CA-7E87-443F-A296-5D9ECC356B38}.Debug|Any CPU.Build.0 = Debug|Any CPU
		{877726CA-7E87-443F-A296-5D9ECC356B38}.Release|Any CPU.ActiveCfg = Release|Any CPU
		{877726CA-7E87-443F-A296-5D9ECC356B38}.Release|Any CPU.Build.0 = Release|Any CPU
	EndGlobalSection
	GlobalSection(SolutionProperties) = preSolution
		HideSolutionNode = FALSE
	EndGlobalSection
	GlobalSection(ExtensibilityGlobals) = postSolution
		SolutionGuid = {C88066AF-AEE1-4FC5-BF9D-211CBE6C4596}
	EndGlobalSection
EndGlobal
